
Microsoft Visual Studio Solution File, Format Version 12.00
# Visual Studio Version 16
VisualStudioVersion = 16.0.30413.136
MinimumVisualStudioVersion = 10.0.40219.1
Project("{FAE04EC0-301F-11D3-BF4B-00C04F79EFBC}") = "UserApp.Mvc", "UserApp.Mvc\UserApp.Mvc.csproj", "{F032097D-AFC1-410C-AA05-093B87792E69}"
EndProject
Project("{FAE04EC0-301F-11D3-BF4B-00C04F79EFBC}") = "UserApp.DataLayer", "UserApp.DataLayer\UserApp.DataLayer.csproj", "{0AA4FE1E-11CF-41B1-B232-13218B7F73C5}"
EndProject
Project("{FAE04EC0-301F-11D3-BF4B-00C04F79EFBC}") = "UserApp.Models", "UserApp.Models\UserApp.Models.csproj", "{42875DD2-207E-441A-914D-413709C90C2F}"
EndProject
Global
	GlobalSection(SolutionConfigurationPlatforms) = preSolution
		Debug|Any CPU = Debug|Any CPU
		Release|Any CPU = Release|Any CPU
	EndGlobalSection
	GlobalSection(ProjectConfigurationPlatforms) = postSolution
		{F032097D-AFC1-410C-AA05-093B87792E69}.Debug|Any CPU.ActiveCfg = Debug|Any CPU
		{F032097D-AFC1-410C-AA05-093B87792E69}.Debug|Any CPU.Build.0 = Debug|Any CPU
		{F032097D-AFC1-410C-AA05-093B87792E69}.Release|Any CPU.ActiveCfg = Release|Any CPU
		{F032097D-AFC1-410C-AA05-093B87792E69}.Release|Any CPU.Build.0 = Release|Any CPU
		{0AA4FE1E-11CF-41B1-B232-13218B7F73C5}.Debug|Any CPU.ActiveCfg = Debug|Any CPU
		{0AA4FE1E-11CF-41B1-B232-13218B7F73C5}.Debug|Any CPU.Build.0 = Debug|Any CPU
		{0AA4FE1E-11CF-41B1-B232-13218B7F73C5}.Release|Any CPU.ActiveCfg = Release|Any CPU
		{0AA4FE1E-11CF-41B1-B232-13218B7F73C5}.Release|Any CPU.Build.0 = Release|Any CPU
		{42875DD2-207E-441A-914D-413709C90C2F}.Debug|Any CPU.ActiveCfg = Debug|Any CPU
		{42875DD2-207E-441A-914D-413709C90C2F}.Debug|Any CPU.Build.0 = Debug|Any CPU
		{42875DD2-207E-441A-914D-413709C90C2F}.Release|Any CPU.ActiveCfg = Release|Any CPU
		{42875DD2-207E-441A-914D-413709C90C2F}.Release|Any CPU.Build.0 = Release|Any CPU
	EndGlobalSection
	GlobalSection(SolutionProperties) = preSolution
		HideSolutionNode = FALSE
	EndGlobalSection
	GlobalSection(ExtensibilityGlobals) = postSolution
		SolutionGuid = {4845A84A-3E76-4C9A-9AD0-CCE10B2D6ECF}
	EndGlobalSection
EndGlobal
